
Microsoft Visual Studio Solution File, Format Version 12.00
# Visual Studio Version 17
VisualStudioVersion = 17.10.35013.160
MinimumVisualStudioVersion = 10.0.40219.1
Project("{8BC9CEB8-8B4A-11D0-8D11-00A0C91BC942}") = "TEST_DRIVER", "TEST_DRIVER\TEST_DRIVER.vcxproj", "{215EE4F1-B42F-464C-A428-8D7D18A366DA}"
EndProject
Global
	GlobalSection(SolutionConfigurationPlatforms) = preSolution
		Debug|ARM64 = Debug|ARM64
		Debug|x64 = Debug|x64
		Release|ARM64 = Release|ARM64
		Release|x64 = Release|x64
	EndGlobalSection
	GlobalSection(ProjectConfigurationPlatforms) = postSolution
		{215EE4F1-B42F-464C-A428-8D7D18A366DA}.Debug|ARM64.ActiveCfg = Debug|ARM64
		{215EE4F1-B42F-464C-A428-8D7D18A366DA}.Debug|ARM64.Build.0 = Debug|ARM64
		{215EE4F1-B42F-464C-A428-8D7D18A366DA}.Debug|ARM64.Deploy.0 = Debug|ARM64
		{215EE4F1-B42F-464C-A428-8D7D18A366DA}.Debug|x64.ActiveCfg = Debug|x64
		{215EE4F1-B42F-464C-A428-8D7D18A366DA}.Debug|x64.Build.0 = Debug|x64
		{215EE4F1-B42F-464C-A428-8D7D18A366DA}.Debug|x64.Deploy.0 = Debug|x64
		{215EE4F1-B42F-464C-A428-8D7D18A366DA}.Release|ARM64.ActiveCfg = Release|ARM64
		{215EE4F1-B42F-464C-A428-8D7D18A366DA}.Release|ARM64.Build.0 = Release|ARM64
		{215EE4F1-B42F-464C-A428-8D7D18A366DA}.Release|ARM64.Deploy.0 = Release|ARM64
		{215EE4F1-B42F-464C-A428-8D7D18A366DA}.Release|x64.ActiveCfg = Release|x64
		{215EE4F1-B42F-464C-A428-8D7D18A366DA}.Release|x64.Build.0 = Release|x64
		{215EE4F1-B42F-464C-A428-8D7D18A366DA}.Release|x64.Deploy.0 = Release|x64
	EndGlobalSection
	GlobalSection(SolutionProperties) = preSolution
		HideSolutionNode = FALSE
	EndGlobalSection
	GlobalSection(ExtensibilityGlobals) = postSolution
		SolutionGuid = {D7C659AB-C8F1-40FB-B0D7-AE8AC126DCC6}
	EndGlobalSection
EndGlobal
